
Microsoft Visual Studio Solution File, Format Version 12.00
# Visual Studio Version 17
VisualStudioVersion = 17.4.33205.214
MinimumVisualStudioVersion = 10.0.40219.1
Project("{FAE04EC0-301F-11D3-BF4B-00C04F79EFBC}") = "HotelManagementSystem", "HotelManagementSystem.csproj", "{B4279DA5-64C8-4936-AFFE-326548716F57}"
EndProject
Global
	GlobalSection(SolutionConfigurationPlatforms) = preSolution
		Debug|Any CPU = Debug|Any CPU
		Release|Any CPU = Release|Any CPU
	EndGlobalSection
	GlobalSection(ProjectConfigurationPlatforms) = postSolution
		{B4279DA5-64C8-4936-AFFE-326548716F57}.Debug|Any CPU.ActiveCfg = Debug|Any CPU
		{B4279DA5-64C8-4936-AFFE-326548716F57}.Debug|Any CPU.Build.0 = Debug|Any CPU
		{B4279DA5-64C8-4936-AFFE-326548716F57}.Release|Any CPU.ActiveCfg = Release|Any CPU
		{B4279DA5-64C8-4936-AFFE-326548716F57}.Release|Any CPU.Build.0 = Release|Any CPU
	EndGlobalSection
	GlobalSection(SolutionProperties) = preSolution
		HideSolutionNode = FALSE
	EndGlobalSection
	GlobalSection(ExtensibilityGlobals) = postSolution
		SolutionGuid = {515B98ED-1C22-4DE4-9E9B-56162A336A57}
	EndGlobalSection
EndGlobal
